// !$*UTF8*$!
{
	archiveVersion = 1;
	classes = {
	};
	objectVersion = 56;
	objects = {

/* Begin PBXBuildFile section */
		40058F8129D58B010027FF67 /* Basic Calculator.swift in Sources */ = {isa = PBXBuildFile; fileRef = 40058F8029D58B010027FF67 /* Basic Calculator.swift */; };
		400CFCC629C5CAD5007DC1C6 /* Meeting Rooms.swift in Sources */ = {isa = PBXBuildFile; fileRef = 400CFCC529C5CAD5007DC1C6 /* Meeting Rooms.swift */; };
		400CFCC829C5CB2E007DC1C6 /* Non-overlapping Intervals.swift in Sources */ = {isa = PBXBuildFile; fileRef = 400CFCC729C5CB2E007DC1C6 /* Non-overlapping Intervals.swift */; };
		400CFCCA29C5F832007DC1C6 /* Shortest Path to Get Food.swift in Sources */ = {isa = PBXBuildFile; fileRef = 400CFCC929C5F832007DC1C6 /* Shortest Path to Get Food.swift */; };
		401037A429B7402A0033826A /* main.swift in Sources */ = {isa = PBXBuildFile; fileRef = 401037A329B7402A0033826A /* main.swift */; };
		4027736E29D42118000378C8 /* Find Median from Data Stream.swift in Sources */ = {isa = PBXBuildFile; fileRef = 4027736D29D42118000378C8 /* Find Median from Data Stream.swift */; };
		4048E48729D6F0A600EBB2AA /* Maximum Profit in Job Scheduling.swift in Sources */ = {isa = PBXBuildFile; fileRef = 4048E48629D6F0A600EBB2AA /* Maximum Profit in Job Scheduling.swift */; };
		4054468229C46E530099D6F9 /* Combination Sum IV.swift in Sources */ = {isa = PBXBuildFile; fileRef = 4054468129C46E530099D6F9 /* Combination Sum IV.swift */; };
		4058EEBB29BC8E2900CDF424 /* Decode Ways.swift in Sources */ = {isa = PBXBuildFile; fileRef = 4058EEBA29BC8E2900CDF424 /* Decode Ways.swift */; };
		4058EEBD29BC996300CDF424 /* Reverse Integer.swift in Sources */ = {isa = PBXBuildFile; fileRef = 4058EEBC29BC996300CDF424 /* Reverse Integer.swift */; };
		405F7DB629DC184E00ECBA6D /* Largest Rectangle in Histogram.swift in Sources */ = {isa = PBXBuildFile; fileRef = 405F7DB529DC184E00ECBA6D /* Largest Rectangle in Histogram.swift */; };
		407C36E229C0680300F6CA48 /* Reorder List.swift in Sources */ = {isa = PBXBuildFile; fileRef = 407C36E129C0680300F6CA48 /* Reorder List.swift */; };
		407C36E429C0681A00F6CA48 /* ListNode.swift in Sources */ = {isa = PBXBuildFile; fileRef = 407C36E329C0681A00F6CA48 /* ListNode.swift */; };
		407C36E629C0683700F6CA48 /* Node.swift in Sources */ = {isa = PBXBuildFile; fileRef = 407C36E529C0683700F6CA48 /* Node.swift */; };
		407C36E829C0684200F6CA48 /* Heap.swift in Sources */ = {isa = PBXBuildFile; fileRef = 407C36E729C0684200F6CA48 /* Heap.swift */; };
		407D901829C1AED000643ED6 /* All Nodes Distance K in Binary Tree.swift in Sources */ = {isa = PBXBuildFile; fileRef = 407D901729C1AED000643ED6 /* All Nodes Distance K in Binary Tree.swift */; };
		407D901A29C1B7AC00643ED6 /* 3Sum Closest.swift in Sources */ = {isa = PBXBuildFile; fileRef = 407D901929C1B7AC00643ED6 /* 3Sum Closest.swift */; };
		407D901C29C1CB5400643ED6 /* Rotate List.swift in Sources */ = {isa = PBXBuildFile; fileRef = 407D901B29C1CB5400643ED6 /* Rotate List.swift */; };
		40980ECE29BF97AE00BBA661 /* Set Matrix Zeros.swift in Sources */ = {isa = PBXBuildFile; fileRef = 40980ECD29BF97AE00BBA661 /* Set Matrix Zeros.swift */; };
		40A2BC1129DD42EA000E2A9E /* Binary Tree Maximum Path Sum.swift in Sources */ = {isa = PBXBuildFile; fileRef = 40A2BC1029DD42EA000E2A9E /* Binary Tree Maximum Path Sum.swift */; };
		40A2BC1329DD672C000E2A9E /* Maximum Frequency Stack.swift in Sources */ = {isa = PBXBuildFile; fileRef = 40A2BC1229DD672C000E2A9E /* Maximum Frequency Stack.swift */; };
		40A4781429C8E4E90057102D /* Graph Valid Tree.swift in Sources */ = {isa = PBXBuildFile; fileRef = 40A4781329C8E4E90057102D /* Graph Valid Tree.swift */; };
		40A4781629C9A35D0057102D /* Inorder Successor in BTS.swift in Sources */ = {isa = PBXBuildFile; fileRef = 40A4781529C9A35D0057102D /* Inorder Successor in BTS.swift */; };
		40A4781829C9C77A0057102D /* Number of Connected Components in an Undirected Graph.swift in Sources */ = {isa = PBXBuildFile; fileRef = 40A4781729C9C77A0057102D /* Number of Connected Components in an Undirected Graph.swift */; };
		40A4906A29D8368400597376 /* Merge k Sorted Lists.swift in Sources */ = {isa = PBXBuildFile; fileRef = 40A4906929D8368400597376 /* Merge k Sorted Lists.swift */; };
		40A71C1029BB2D49008F4585 /* Largest Number.swift in Sources */ = {isa = PBXBuildFile; fileRef = 40A71C0F29BB2D49008F4585 /* Largest Number.swift */; };
		40A85A2E29D1797900CAA600 /* Serialize and Deserialize Binary Tree .swift in Sources */ = {isa = PBXBuildFile; fileRef = 40A85A2D29D1797900CAA600 /* Serialize and Deserialize Binary Tree .swift */; };
		40A85A3029D179D100CAA600 /* Minimum Window Substring.swift in Sources */ = {isa = PBXBuildFile; fileRef = 40A85A2F29D179D100CAA600 /* Minimum Window Substring.swift */; };
		40AA299D29C4AC7A00EB4DF7 /* Insert Delete GetRandom O(1).swift in Sources */ = {isa = PBXBuildFile; fileRef = 40AA299C29C4AC7A00EB4DF7 /* Insert Delete GetRandom O(1).swift */; };
		40AE84C929B8BF77007603D8 /* TreeNode.swift in Sources */ = {isa = PBXBuildFile; fileRef = 40AE84C829B8BF77007603D8 /* TreeNode.swift */; };
		40AE84CB29B8BF8C007603D8 /* PathSum3.swift in Sources */ = {isa = PBXBuildFile; fileRef = 40AE84CA29B8BF8C007603D8 /* PathSum3.swift */; };
		40AE84CD29B8BFD8007603D8 /* Binary Tree Zigzag Level Order Traversal.swift in Sources */ = {isa = PBXBuildFile; fileRef = 40AE84CC29B8BFD8007603D8 /* Binary Tree Zigzag Level Order Traversal.swift */; };
		40B4BACA29D485540082BCE9 /* Word Ladder.swift in Sources */ = {isa = PBXBuildFile; fileRef = 40B4BAC929D485540082BCE9 /* Word Ladder.swift */; };
		40BBF6AA29B9CED100AADCFB /* Longest Repeating Character Replacement.swift in Sources */ = {isa = PBXBuildFile; fileRef = 40BBF6A929B9CED100AADCFB /* Longest Repeating Character Replacement.swift */; };
		40BBF6AD29B9D6FA00AADCFB /*  Pow(x, n).swift in Sources */ = {isa = PBXBuildFile; fileRef = 40BBF6AC29B9D6FA00AADCFB /*  Pow(x, n).swift */; };
		40BBF6AF29B9F53000AADCFB /* Search a 2D matrix.swift in Sources */ = {isa = PBXBuildFile; fileRef = 40BBF6AE29B9F53000AADCFB /* Search a 2D matrix.swift */; };
		40BEBD3C29CC302300F1825A /*  Meeting Rooms II.swift in Sources */ = {isa = PBXBuildFile; fileRef = 40BEBD3B29CC302300F1825A /*  Meeting Rooms II.swift */; };
		40BEBD3E29CC408F00F1825A /* Encode and Decode Strings.swift in Sources */ = {isa = PBXBuildFile; fileRef = 40BEBD3D29CC408F00F1825A /* Encode and Decode Strings.swift */; };
		40C5827A29C07A9F00AAE631 /* Cheapest Flights Within K Stops.swift in Sources */ = {isa = PBXBuildFile; fileRef = 40C5827929C07A9F00AAE631 /* Cheapest Flights Within K Stops.swift */; };
		40DD573C29C319ED0091793E /* Find Minimum in Rotated Sorted Array.swift in Sources */ = {isa = PBXBuildFile; fileRef = 40DD573B29C319ED0091793E /* Find Minimum in Rotated Sorted Array.swift */; };
		40DD573E29C343DD0091793E /* Basic Calculator II.swift in Sources */ = {isa = PBXBuildFile; fileRef = 40DD573D29C343DD0091793E /* Basic Calculator II.swift */; };
		40F1175329D2D95F00B56CC0 /* Trapping Rain Water.swift in Sources */ = {isa = PBXBuildFile; fileRef = 40F1175229D2D95F00B56CC0 /* Trapping Rain Water.swift */; };
		40F57C2F29CAFB93006F488B /* Number of Provinces.swift in Sources */ = {isa = PBXBuildFile; fileRef = 40F57C2E29CAFB93006F488B /* Number of Provinces.swift */; };
		40F57C3129CB07C4006F488B /* Minimum Knight Moves.swift in Sources */ = {isa = PBXBuildFile; fileRef = 40F57C3029CB07C4006F488B /* Minimum Knight Moves.swift */; };
		40F57C3329CB1241006F488B /* Hit Counter.swift in Sources */ = {isa = PBXBuildFile; fileRef = 40F57C3229CB1241006F488B /* Hit Counter.swift */; };
/* End PBXBuildFile section */

/* Begin PBXCopyFilesBuildPhase section */
		4010379E29B7402A0033826A /* CopyFiles */ = {
			isa = PBXCopyFilesBuildPhase;
			buildActionMask = 2147483647;
			dstPath = /usr/share/man/man1/;
			dstSubfolderSpec = 0;
			files = (
			);
			runOnlyForDeploymentPostprocessing = 1;
		};
/* End PBXCopyFilesBuildPhase section */

/* Begin PBXFileReference section */
		40058F8029D58B010027FF67 /* Basic Calculator.swift */ = {isa = PBXFileReference; lastKnownFileType = sourcecode.swift; path = "Basic Calculator.swift"; sourceTree = "<group>"; };
		400CFCC529C5CAD5007DC1C6 /* Meeting Rooms.swift */ = {isa = PBXFileReference; lastKnownFileType = sourcecode.swift; path = "Meeting Rooms.swift"; sourceTree = "<group>"; };
		400CFCC729C5CB2E007DC1C6 /* Non-overlapping Intervals.swift */ = {isa = PBXFileReference; lastKnownFileType = sourcecode.swift; path = "Non-overlapping Intervals.swift"; sourceTree = "<group>"; };
		400CFCC929C5F832007DC1C6 /* Shortest Path to Get Food.swift */ = {isa = PBXFileReference; lastKnownFileType = sourcecode.swift; path = "Shortest Path to Get Food.swift"; sourceTree = "<group>"; };
		401037A029B7402A0033826A /* Problems */ = {isa = PBXFileReference; explicitFileType = "compiled.mach-o.executable"; includeInIndex = 0; path = Problems; sourceTree = BUILT_PRODUCTS_DIR; };
		401037A329B7402A0033826A /* main.swift */ = {isa = PBXFileReference; lastKnownFileType = sourcecode.swift; path = main.swift; sourceTree = "<group>"; };
		4027736D29D42118000378C8 /* Find Median from Data Stream.swift */ = {isa = PBXFileReference; lastKnownFileType = sourcecode.swift; path = "Find Median from Data Stream.swift"; sourceTree = "<group>"; };
		4048E48629D6F0A600EBB2AA /* Maximum Profit in Job Scheduling.swift */ = {isa = PBXFileReference; lastKnownFileType = sourcecode.swift; path = "Maximum Profit in Job Scheduling.swift"; sourceTree = "<group>"; };
		4054468129C46E530099D6F9 /* Combination Sum IV.swift */ = {isa = PBXFileReference; lastKnownFileType = sourcecode.swift; path = "Combination Sum IV.swift"; sourceTree = "<group>"; };
		4058EEBA29BC8E2900CDF424 /* Decode Ways.swift */ = {isa = PBXFileReference; lastKnownFileType = sourcecode.swift; path = "Decode Ways.swift"; sourceTree = "<group>"; };
		4058EEBC29BC996300CDF424 /* Reverse Integer.swift */ = {isa = PBXFileReference; lastKnownFileType = sourcecode.swift; path = "Reverse Integer.swift"; sourceTree = "<group>"; };
		405F7DB529DC184E00ECBA6D /* Largest Rectangle in Histogram.swift */ = {isa = PBXFileReference; lastKnownFileType = sourcecode.swift; path = "Largest Rectangle in Histogram.swift"; sourceTree = "<group>"; };
		407C36E129C0680300F6CA48 /* Reorder List.swift */ = {isa = PBXFileReference; lastKnownFileType = sourcecode.swift; path = "Reorder List.swift"; sourceTree = "<group>"; };
		407C36E329C0681A00F6CA48 /* ListNode.swift */ = {isa = PBXFileReference; lastKnownFileType = sourcecode.swift; path = ListNode.swift; sourceTree = "<group>"; };
		407C36E529C0683700F6CA48 /* Node.swift */ = {isa = PBXFileReference; lastKnownFileType = sourcecode.swift; path = Node.swift; sourceTree = "<group>"; };
		407C36E729C0684200F6CA48 /* Heap.swift */ = {isa = PBXFileReference; lastKnownFileType = sourcecode.swift; path = Heap.swift; sourceTree = "<group>"; };
		407D901729C1AED000643ED6 /* All Nodes Distance K in Binary Tree.swift */ = {isa = PBXFileReference; lastKnownFileType = sourcecode.swift; path = "All Nodes Distance K in Binary Tree.swift"; sourceTree = "<group>"; };
		407D901929C1B7AC00643ED6 /* 3Sum Closest.swift */ = {isa = PBXFileReference; lastKnownFileType = sourcecode.swift; path = "3Sum Closest.swift"; sourceTree = "<group>"; };
		407D901B29C1CB5400643ED6 /* Rotate List.swift */ = {isa = PBXFileReference; lastKnownFileType = sourcecode.swift; path = "Rotate List.swift"; sourceTree = "<group>"; };
		40980ECD29BF97AE00BBA661 /* Set Matrix Zeros.swift */ = {isa = PBXFileReference; lastKnownFileType = sourcecode.swift; path = "Set Matrix Zeros.swift"; sourceTree = "<group>"; };
		40A2BC1029DD42EA000E2A9E /* Binary Tree Maximum Path Sum.swift */ = {isa = PBXFileReference; lastKnownFileType = sourcecode.swift; path = "Binary Tree Maximum Path Sum.swift"; sourceTree = "<group>"; };
		40A2BC1229DD672C000E2A9E /* Maximum Frequency Stack.swift */ = {isa = PBXFileReference; lastKnownFileType = sourcecode.swift; path = "Maximum Frequency Stack.swift"; sourceTree = "<group>"; };
		40A4781329C8E4E90057102D /* Graph Valid Tree.swift */ = {isa = PBXFileReference; lastKnownFileType = sourcecode.swift; path = "Graph Valid Tree.swift"; sourceTree = "<group>"; };
		40A4781529C9A35D0057102D /* Inorder Successor in BTS.swift */ = {isa = PBXFileReference; lastKnownFileType = sourcecode.swift; path = "Inorder Successor in BTS.swift"; sourceTree = "<group>"; };
		40A4781729C9C77A0057102D /* Number of Connected Components in an Undirected Graph.swift */ = {isa = PBXFileReference; lastKnownFileType = sourcecode.swift; path = "Number of Connected Components in an Undirected Graph.swift"; sourceTree = "<group>"; };
		40A4906929D8368400597376 /* Merge k Sorted Lists.swift */ = {isa = PBXFileReference; lastKnownFileType = sourcecode.swift; path = "Merge k Sorted Lists.swift"; sourceTree = "<group>"; };
		40A71C0F29BB2D49008F4585 /* Largest Number.swift */ = {isa = PBXFileReference; lastKnownFileType = sourcecode.swift; path = "Largest Number.swift"; sourceTree = "<group>"; };
		40A85A2D29D1797900CAA600 /* Serialize and Deserialize Binary Tree .swift */ = {isa = PBXFileReference; lastKnownFileType = sourcecode.swift; path = "Serialize and Deserialize Binary Tree .swift"; sourceTree = "<group>"; };
		40A85A2F29D179D100CAA600 /* Minimum Window Substring.swift */ = {isa = PBXFileReference; lastKnownFileType = sourcecode.swift; path = "Minimum Window Substring.swift"; sourceTree = "<group>"; };
		40AA299C29C4AC7A00EB4DF7 /* Insert Delete GetRandom O(1).swift */ = {isa = PBXFileReference; lastKnownFileType = sourcecode.swift; path = "Insert Delete GetRandom O(1).swift"; sourceTree = "<group>"; };
		40AE84C829B8BF77007603D8 /* TreeNode.swift */ = {isa = PBXFileReference; lastKnownFileType = sourcecode.swift; path = TreeNode.swift; sourceTree = "<group>"; };
		40AE84CA29B8BF8C007603D8 /* PathSum3.swift */ = {isa = PBXFileReference; lastKnownFileType = sourcecode.swift; path = PathSum3.swift; sourceTree = "<group>"; };
		40AE84CC29B8BFD8007603D8 /* Binary Tree Zigzag Level Order Traversal.swift */ = {isa = PBXFileReference; lastKnownFileType = sourcecode.swift; path = "Binary Tree Zigzag Level Order Traversal.swift"; sourceTree = "<group>"; };
		40B4BAC929D485540082BCE9 /* Word Ladder.swift */ = {isa = PBXFileReference; lastKnownFileType = sourcecode.swift; path = "Word Ladder.swift"; sourceTree = "<group>"; };
		40BBF6A929B9CED100AADCFB /* Longest Repeating Character Replacement.swift */ = {isa = PBXFileReference; lastKnownFileType = sourcecode.swift; path = "Longest Repeating Character Replacement.swift"; sourceTree = "<group>"; };
		40BBF6AC29B9D6FA00AADCFB /*  Pow(x, n).swift */ = {isa = PBXFileReference; lastKnownFileType = sourcecode.swift; path = " Pow(x, n).swift"; sourceTree = "<group>"; };
		40BBF6AE29B9F53000AADCFB /* Search a 2D matrix.swift */ = {isa = PBXFileReference; lastKnownFileType = sourcecode.swift; path = "Search a 2D matrix.swift"; sourceTree = "<group>"; };
		40BEBD3B29CC302300F1825A /*  Meeting Rooms II.swift */ = {isa = PBXFileReference; lastKnownFileType = sourcecode.swift; path = " Meeting Rooms II.swift"; sourceTree = "<group>"; };
		40BEBD3D29CC408F00F1825A /* Encode and Decode Strings.swift */ = {isa = PBXFileReference; lastKnownFileType = sourcecode.swift; path = "Encode and Decode Strings.swift"; sourceTree = "<group>"; };
		40C5827929C07A9F00AAE631 /* Cheapest Flights Within K Stops.swift */ = {isa = PBXFileReference; lastKnownFileType = sourcecode.swift; path = "Cheapest Flights Within K Stops.swift"; sourceTree = "<group>"; };
		40DD573B29C319ED0091793E /* Find Minimum in Rotated Sorted Array.swift */ = {isa = PBXFileReference; lastKnownFileType = sourcecode.swift; path = "Find Minimum in Rotated Sorted Array.swift"; sourceTree = "<group>"; };
		40DD573D29C343DD0091793E /* Basic Calculator II.swift */ = {isa = PBXFileReference; lastKnownFileType = sourcecode.swift; path = "Basic Calculator II.swift"; sourceTree = "<group>"; };
		40F1175229D2D95F00B56CC0 /* Trapping Rain Water.swift */ = {isa = PBXFileReference; lastKnownFileType = sourcecode.swift; path = "Trapping Rain Water.swift"; sourceTree = "<group>"; };
		40F57C2E29CAFB93006F488B /* Number of Provinces.swift */ = {isa = PBXFileReference; lastKnownFileType = sourcecode.swift; path = "Number of Provinces.swift"; sourceTree = "<group>"; };
		40F57C3029CB07C4006F488B /* Minimum Knight Moves.swift */ = {isa = PBXFileReference; lastKnownFileType = sourcecode.swift; path = "Minimum Knight Moves.swift"; sourceTree = "<group>"; };
		40F57C3229CB1241006F488B /* Hit Counter.swift */ = {isa = PBXFileReference; lastKnownFileType = sourcecode.swift; path = "Hit Counter.swift"; sourceTree = "<group>"; };
/* End PBXFileReference section */

/* Begin PBXFrameworksBuildPhase section */
		4010379D29B7402A0033826A /* Frameworks */ = {
			isa = PBXFrameworksBuildPhase;
			buildActionMask = 2147483647;
			files = (
			);
			runOnlyForDeploymentPostprocessing = 0;
		};
/* End PBXFrameworksBuildPhase section */

/* Begin PBXGroup section */
		4010379729B7402A0033826A = {
			isa = PBXGroup;
			children = (
				401037A229B7402A0033826A /* Problems */,
				401037A129B7402A0033826A /* Products */,
			);
			sourceTree = "<group>";
		};
		401037A129B7402A0033826A /* Products */ = {
			isa = PBXGroup;
			children = (
				401037A029B7402A0033826A /* Problems */,
			);
			name = Products;
			sourceTree = "<group>";
		};
		401037A229B7402A0033826A /* Problems */ = {
			isa = PBXGroup;
			children = (
				401037A329B7402A0033826A /* main.swift */,
				40AE84C729B8BF60007603D8 /* Nodes */,
				40AE84CA29B8BF8C007603D8 /* PathSum3.swift */,
				40AE84CC29B8BFD8007603D8 /* Binary Tree Zigzag Level Order Traversal.swift */,
				40BBF6A929B9CED100AADCFB /* Longest Repeating Character Replacement.swift */,
				40BBF6AC29B9D6FA00AADCFB /*  Pow(x, n).swift */,
				40BBF6AE29B9F53000AADCFB /* Search a 2D matrix.swift */,
				40A71C0F29BB2D49008F4585 /* Largest Number.swift */,
				4058EEBA29BC8E2900CDF424 /* Decode Ways.swift */,
				4058EEBC29BC996300CDF424 /* Reverse Integer.swift */,
				40980ECD29BF97AE00BBA661 /* Set Matrix Zeros.swift */,
				407C36E129C0680300F6CA48 /* Reorder List.swift */,
				40C5827929C07A9F00AAE631 /* Cheapest Flights Within K Stops.swift */,
				407D901729C1AED000643ED6 /* All Nodes Distance K in Binary Tree.swift */,
				407D901929C1B7AC00643ED6 /* 3Sum Closest.swift */,
				407D901B29C1CB5400643ED6 /* Rotate List.swift */,
				40DD573B29C319ED0091793E /* Find Minimum in Rotated Sorted Array.swift */,
				40058F8029D58B010027FF67 /* Basic Calculator.swift */,
				40DD573D29C343DD0091793E /* Basic Calculator II.swift */,
				4054468129C46E530099D6F9 /* Combination Sum IV.swift */,
				40AA299C29C4AC7A00EB4DF7 /* Insert Delete GetRandom O(1).swift */,
				400CFCC529C5CAD5007DC1C6 /* Meeting Rooms.swift */,
				400CFCC729C5CB2E007DC1C6 /* Non-overlapping Intervals.swift */,
				400CFCC929C5F832007DC1C6 /* Shortest Path to Get Food.swift */,
				40A4781329C8E4E90057102D /* Graph Valid Tree.swift */,
				40A4781529C9A35D0057102D /* Inorder Successor in BTS.swift */,
				40A4781729C9C77A0057102D /* Number of Connected Components in an Undirected Graph.swift */,
				40F57C2E29CAFB93006F488B /* Number of Provinces.swift */,
				40F57C3029CB07C4006F488B /* Minimum Knight Moves.swift */,
				40F57C3229CB1241006F488B /* Hit Counter.swift */,
				40BEBD3B29CC302300F1825A /*  Meeting Rooms II.swift */,
				40BEBD3D29CC408F00F1825A /* Encode and Decode Strings.swift */,
				40A85A2D29D1797900CAA600 /* Serialize and Deserialize Binary Tree .swift */,
				40A85A2F29D179D100CAA600 /* Minimum Window Substring.swift */,
				40F1175229D2D95F00B56CC0 /* Trapping Rain Water.swift */,
				4027736D29D42118000378C8 /* Find Median from Data Stream.swift */,
				40B4BAC929D485540082BCE9 /* Word Ladder.swift */,
				4048E48629D6F0A600EBB2AA /* Maximum Profit in Job Scheduling.swift */,
				40A4906929D8368400597376 /* Merge k Sorted Lists.swift */,
				405F7DB529DC184E00ECBA6D /* Largest Rectangle in Histogram.swift */,
				40A2BC1029DD42EA000E2A9E /* Binary Tree Maximum Path Sum.swift */,
				40A2BC1229DD672C000E2A9E /* Maximum Frequency Stack.swift */,
			);
			path = Problems;
			sourceTree = "<group>";
		};
		40AE84C729B8BF60007603D8 /* Nodes */ = {
			isa = PBXGroup;
			children = (
				40AE84C829B8BF77007603D8 /* TreeNode.swift */,
				407C36E329C0681A00F6CA48 /* ListNode.swift */,
				407C36E529C0683700F6CA48 /* Node.swift */,
				407C36E729C0684200F6CA48 /* Heap.swift */,
			);
			path = Nodes;
			sourceTree = "<group>";
		};
/* End PBXGroup section */

/* Begin PBXNativeTarget section */
		4010379F29B7402A0033826A /* Problems */ = {
			isa = PBXNativeTarget;
			buildConfigurationList = 401037A729B7402A0033826A /* Build configuration list for PBXNativeTarget "Problems" */;
			buildPhases = (
				4010379C29B7402A0033826A /* Sources */,
				4010379D29B7402A0033826A /* Frameworks */,
				4010379E29B7402A0033826A /* CopyFiles */,
			);
			buildRules = (
			);
			dependencies = (
			);
			name = Problems;
			productName = "Leetcode solutions";
			productReference = 401037A029B7402A0033826A /* Problems */;
			productType = "com.apple.product-type.tool";
		};
/* End PBXNativeTarget section */

/* Begin PBXProject section */
		4010379829B7402A0033826A /* Project object */ = {
			isa = PBXProject;
			attributes = {
				BuildIndependentTargetsInParallel = 1;
				LastSwiftUpdateCheck = 1420;
				LastUpgradeCheck = 1430;
				TargetAttributes = {
					4010379F29B7402A0033826A = {
						CreatedOnToolsVersion = 14.2;
					};
				};
			};
			buildConfigurationList = 4010379B29B7402A0033826A /* Build configuration list for PBXProject "Problems" */;
			compatibilityVersion = "Xcode 14.0";
			developmentRegion = en;
			hasScannedForEncodings = 0;
			knownRegions = (
				en,
				Base,
			);
			mainGroup = 4010379729B7402A0033826A;
			productRefGroup = 401037A129B7402A0033826A /* Products */;
			projectDirPath = "";
			projectRoot = "";
			targets = (
				4010379F29B7402A0033826A /* Problems */,
			);
		};
/* End PBXProject section */

/* Begin PBXSourcesBuildPhase section */
		4010379C29B7402A0033826A /* Sources */ = {
			isa = PBXSourcesBuildPhase;
			buildActionMask = 2147483647;
			files = (
				40A4906A29D8368400597376 /* Merge k Sorted Lists.swift in Sources */,
				40980ECE29BF97AE00BBA661 /* Set Matrix Zeros.swift in Sources */,
				40BBF6AA29B9CED100AADCFB /* Longest Repeating Character Replacement.swift in Sources */,
				40A4781429C8E4E90057102D /* Graph Valid Tree.swift in Sources */,
				40BEBD3E29CC408F00F1825A /* Encode and Decode Strings.swift in Sources */,
				40A2BC1329DD672C000E2A9E /* Maximum Frequency Stack.swift in Sources */,
				40F57C3129CB07C4006F488B /* Minimum Knight Moves.swift in Sources */,
				40F57C2F29CAFB93006F488B /* Number of Provinces.swift in Sources */,
				40BBF6AD29B9D6FA00AADCFB /*  Pow(x, n).swift in Sources */,
				40B4BACA29D485540082BCE9 /* Word Ladder.swift in Sources */,
				407C36E229C0680300F6CA48 /* Reorder List.swift in Sources */,
				40F1175329D2D95F00B56CC0 /* Trapping Rain Water.swift in Sources */,
				4048E48729D6F0A600EBB2AA /* Maximum Profit in Job Scheduling.swift in Sources */,
				40A71C1029BB2D49008F4585 /* Largest Number.swift in Sources */,
				4027736E29D42118000378C8 /* Find Median from Data Stream.swift in Sources */,
				40A2BC1129DD42EA000E2A9E /* Binary Tree Maximum Path Sum.swift in Sources */,
				40A4781629C9A35D0057102D /* Inorder Successor in BTS.swift in Sources */,
				40A4781829C9C77A0057102D /* Number of Connected Components in an Undirected Graph.swift in Sources */,
				400CFCC829C5CB2E007DC1C6 /* Non-overlapping Intervals.swift in Sources */,
				40C5827A29C07A9F00AAE631 /* Cheapest Flights Within K Stops.swift in Sources */,
				4054468229C46E530099D6F9 /* Combination Sum IV.swift in Sources */,
				400CFCC629C5CAD5007DC1C6 /* Meeting Rooms.swift in Sources */,
				40BEBD3C29CC302300F1825A /*  Meeting Rooms II.swift in Sources */,
				40AA299D29C4AC7A00EB4DF7 /* Insert Delete GetRandom O(1).swift in Sources */,
				40BBF6AF29B9F53000AADCFB /* Search a 2D matrix.swift in Sources */,
				40058F8129D58B010027FF67 /* Basic Calculator.swift in Sources */,
				40A85A3029D179D100CAA600 /* Minimum Window Substring.swift in Sources */,
				407C36E829C0684200F6CA48 /* Heap.swift in Sources */,
				40F57C3329CB1241006F488B /* Hit Counter.swift in Sources */,
				40DD573C29C319ED0091793E /* Find Minimum in Rotated Sorted Array.swift in Sources */,
				40DD573E29C343DD0091793E /* Basic Calculator II.swift in Sources */,
				400CFCCA29C5F832007DC1C6 /* Shortest Path to Get Food.swift in Sources */,
				407D901C29C1CB5400643ED6 /* Rotate List.swift in Sources */,
				4058EEBD29BC996300CDF424 /* Reverse Integer.swift in Sources */,
				40AE84CB29B8BF8C007603D8 /* PathSum3.swift in Sources */,
				407C36E429C0681A00F6CA48 /* ListNode.swift in Sources */,
				405F7DB629DC184E00ECBA6D /* Largest Rectangle in Histogram.swift in Sources */,
				40A85A2E29D1797900CAA600 /* Serialize and Deserialize Binary Tree .swift in Sources */,
				401037A429B7402A0033826A /* main.swift in Sources */,
				407D901A29C1B7AC00643ED6 /* 3Sum Closest.swift in Sources */,
				40AE84CD29B8BFD8007603D8 /* Binary Tree Zigzag Level Order Traversal.swift in Sources */,
				4058EEBB29BC8E2900CDF424 /* Decode Ways.swift in Sources */,
				40AE84C929B8BF77007603D8 /* TreeNode.swift in Sources */,
				407D901829C1AED000643ED6 /* All Nodes Distance K in Binary Tree.swift in Sources */,
				407C36E629C0683700F6CA48 /* Node.swift in Sources */,
			);
			runOnlyForDeploymentPostprocessing = 0;
		};
/* End PBXSourcesBuildPhase section */

/* Begin XCBuildConfiguration section */
		401037A529B7402A0033826A /* Debug */ = {
			isa = XCBuildConfiguration;
			buildSettings = {
				ALWAYS_SEARCH_USER_PATHS = NO;
				CLANG_ANALYZER_NONNULL = YES;
				CLANG_ANALYZER_NUMBER_OBJECT_CONVERSION = YES_AGGRESSIVE;
				CLANG_CXX_LANGUAGE_STANDARD = "gnu++20";
				CLANG_ENABLE_MODULES = YES;
				CLANG_ENABLE_OBJC_ARC = YES;
				CLANG_ENABLE_OBJC_WEAK = YES;
				CLANG_WARN_BLOCK_CAPTURE_AUTORELEASING = YES;
				CLANG_WARN_BOOL_CONVERSION = YES;
				CLANG_WARN_COMMA = YES;
				CLANG_WARN_CONSTANT_CONVERSION = YES;
				CLANG_WARN_DEPRECATED_OBJC_IMPLEMENTATIONS = YES;
				CLANG_WARN_DIRECT_OBJC_ISA_USAGE = YES_ERROR;
				CLANG_WARN_DOCUMENTATION_COMMENTS = YES;
				CLANG_WARN_EMPTY_BODY = YES;
				CLANG_WARN_ENUM_CONVERSION = YES;
				CLANG_WARN_INFINITE_RECURSION = YES;
				CLANG_WARN_INT_CONVERSION = YES;
				CLANG_WARN_NON_LITERAL_NULL_CONVERSION = YES;
				CLANG_WARN_OBJC_IMPLICIT_RETAIN_SELF = YES;
				CLANG_WARN_OBJC_LITERAL_CONVERSION = YES;
				CLANG_WARN_OBJC_ROOT_CLASS = YES_ERROR;
				CLANG_WARN_QUOTED_INCLUDE_IN_FRAMEWORK_HEADER = YES;
				CLANG_WARN_RANGE_LOOP_ANALYSIS = YES;
				CLANG_WARN_STRICT_PROTOTYPES = YES;
				CLANG_WARN_SUSPICIOUS_MOVE = YES;
				CLANG_WARN_UNGUARDED_AVAILABILITY = YES_AGGRESSIVE;
				CLANG_WARN_UNREACHABLE_CODE = YES;
				CLANG_WARN__DUPLICATE_METHOD_MATCH = YES;
				COPY_PHASE_STRIP = NO;
				DEAD_CODE_STRIPPING = YES;
				DEBUG_INFORMATION_FORMAT = dwarf;
				ENABLE_STRICT_OBJC_MSGSEND = YES;
				ENABLE_TESTABILITY = YES;
				GCC_C_LANGUAGE_STANDARD = gnu11;
				GCC_DYNAMIC_NO_PIC = NO;
				GCC_NO_COMMON_BLOCKS = YES;
				GCC_OPTIMIZATION_LEVEL = 0;
				GCC_PREPROCESSOR_DEFINITIONS = (
					"DEBUG=1",
					"$(inherited)",
				);
				GCC_WARN_64_TO_32_BIT_CONVERSION = YES;
				GCC_WARN_ABOUT_RETURN_TYPE = YES_ERROR;
				GCC_WARN_UNDECLARED_SELECTOR = YES;
				GCC_WARN_UNINITIALIZED_AUTOS = YES_AGGRESSIVE;
				GCC_WARN_UNUSED_FUNCTION = YES;
				GCC_WARN_UNUSED_VARIABLE = YES;
				MACOSX_DEPLOYMENT_TARGET = 13.1;
				MTL_ENABLE_DEBUG_INFO = INCLUDE_SOURCE;
				MTL_FAST_MATH = YES;
				ONLY_ACTIVE_ARCH = YES;
				SDKROOT = macosx;
				SWIFT_ACTIVE_COMPILATION_CONDITIONS = DEBUG;
				SWIFT_OPTIMIZATION_LEVEL = "-Onone";
			};
			name = Debug;
		};
		401037A629B7402A0033826A /* Release */ = {
			isa = XCBuildConfiguration;
			buildSettings = {
				ALWAYS_SEARCH_USER_PATHS = NO;
				CLANG_ANALYZER_NONNULL = YES;
				CLANG_ANALYZER_NUMBER_OBJECT_CONVERSION = YES_AGGRESSIVE;
				CLANG_CXX_LANGUAGE_STANDARD = "gnu++20";
				CLANG_ENABLE_MODULES = YES;
				CLANG_ENABLE_OBJC_ARC = YES;
				CLANG_ENABLE_OBJC_WEAK = YES;
				CLANG_WARN_BLOCK_CAPTURE_AUTORELEASING = YES;
				CLANG_WARN_BOOL_CONVERSION = YES;
				CLANG_WARN_COMMA = YES;
				CLANG_WARN_CONSTANT_CONVERSION = YES;
				CLANG_WARN_DEPRECATED_OBJC_IMPLEMENTATIONS = YES;
				CLANG_WARN_DIRECT_OBJC_ISA_USAGE = YES_ERROR;
				CLANG_WARN_DOCUMENTATION_COMMENTS = YES;
				CLANG_WARN_EMPTY_BODY = YES;
				CLANG_WARN_ENUM_CONVERSION = YES;
				CLANG_WARN_INFINITE_RECURSION = YES;
				CLANG_WARN_INT_CONVERSION = YES;
				CLANG_WARN_NON_LITERAL_NULL_CONVERSION = YES;
				CLANG_WARN_OBJC_IMPLICIT_RETAIN_SELF = YES;
				CLANG_WARN_OBJC_LITERAL_CONVERSION = YES;
				CLANG_WARN_OBJC_ROOT_CLASS = YES_ERROR;
				CLANG_WARN_QUOTED_INCLUDE_IN_FRAMEWORK_HEADER = YES;
				CLANG_WARN_RANGE_LOOP_ANALYSIS = YES;
				CLANG_WARN_STRICT_PROTOTYPES = YES;
				CLANG_WARN_SUSPICIOUS_MOVE = YES;
				CLANG_WARN_UNGUARDED_AVAILABILITY = YES_AGGRESSIVE;
				CLANG_WARN_UNREACHABLE_CODE = YES;
				CLANG_WARN__DUPLICATE_METHOD_MATCH = YES;
				COPY_PHASE_STRIP = NO;
				DEAD_CODE_STRIPPING = YES;
				DEBUG_INFORMATION_FORMAT = "dwarf-with-dsym";
				ENABLE_NS_ASSERTIONS = NO;
				ENABLE_STRICT_OBJC_MSGSEND = YES;
				GCC_C_LANGUAGE_STANDARD = gnu11;
				GCC_NO_COMMON_BLOCKS = YES;
				GCC_WARN_64_TO_32_BIT_CONVERSION = YES;
				GCC_WARN_ABOUT_RETURN_TYPE = YES_ERROR;
				GCC_WARN_UNDECLARED_SELECTOR = YES;
				GCC_WARN_UNINITIALIZED_AUTOS = YES_AGGRESSIVE;
				GCC_WARN_UNUSED_FUNCTION = YES;
				GCC_WARN_UNUSED_VARIABLE = YES;
				MACOSX_DEPLOYMENT_TARGET = 13.1;
				MTL_ENABLE_DEBUG_INFO = NO;
				MTL_FAST_MATH = YES;
				SDKROOT = macosx;
				SWIFT_COMPILATION_MODE = wholemodule;
				SWIFT_OPTIMIZATION_LEVEL = "-O";
			};
			name = Release;
		};
		401037A829B7402A0033826A /* Debug */ = {
			isa = XCBuildConfiguration;
			buildSettings = {
				CODE_SIGN_STYLE = Automatic;
				DEAD_CODE_STRIPPING = YES;
				DEVELOPMENT_TEAM = H6466NBM9Y;
				ENABLE_HARDENED_RUNTIME = YES;
				PRODUCT_NAME = "$(TARGET_NAME)";
				SWIFT_VERSION = 5.0;
			};
			name = Debug;
		};
		401037A929B7402A0033826A /* Release */ = {
			isa = XCBuildConfiguration;
			buildSettings = {
				CODE_SIGN_STYLE = Automatic;
				DEAD_CODE_STRIPPING = YES;
				DEVELOPMENT_TEAM = H6466NBM9Y;
				ENABLE_HARDENED_RUNTIME = YES;
				PRODUCT_NAME = "$(TARGET_NAME)";
				SWIFT_VERSION = 5.0;
			};
			name = Release;
		};
/* End XCBuildConfiguration section */

/* Begin XCConfigurationList section */
		4010379B29B7402A0033826A /* Build configuration list for PBXProject "Problems" */ = {
			isa = XCConfigurationList;
			buildConfigurations = (
				401037A529B7402A0033826A /* Debug */,
				401037A629B7402A0033826A /* Release */,
			);
			defaultConfigurationIsVisible = 0;
			defaultConfigurationName = Release;
		};
		401037A729B7402A0033826A /* Build configuration list for PBXNativeTarget "Problems" */ = {
			isa = XCConfigurationList;
			buildConfigurations = (
				401037A829B7402A0033826A /* Debug */,
				401037A929B7402A0033826A /* Release */,
			);
			defaultConfigurationIsVisible = 0;
			defaultConfigurationName = Release;
		};
/* End XCConfigurationList section */
	};
	rootObject = 4010379829B7402A0033826A /* Project object */;
}
